
Microsoft Visual Studio Solution File, Format Version 12.00
# Visual Studio Version 17
VisualStudioVersion = 17.8.34322.80
MinimumVisualStudioVersion = 10.0.40219.1
Project("{FAE04EC0-301F-11D3-BF4B-00C04F79EFBC}") = "CashFlowMvc", "CashFlowMvc\CashFlowMvc.csproj", "{985A21B1-57DA-47FF-9FB8-3839ECC2DB40}"
EndProject
Global
	GlobalSection(SolutionConfigurationPlatforms) = preSolution
		Debug|Any CPU = Debug|Any CPU
		Release|Any CPU = Release|Any CPU
	EndGlobalSection
	GlobalSection(ProjectConfigurationPlatforms) = postSolution
		{985A21B1-57DA-47FF-9FB8-3839ECC2DB40}.Debug|Any CPU.ActiveCfg = Debug|Any CPU
		{985A21B1-57DA-47FF-9FB8-3839ECC2DB40}.Debug|Any CPU.Build.0 = Debug|Any CPU
		{985A21B1-57DA-47FF-9FB8-3839ECC2DB40}.Release|Any CPU.ActiveCfg = Release|Any CPU
		{985A21B1-57DA-47FF-9FB8-3839ECC2DB40}.Release|Any CPU.Build.0 = Release|Any CPU
	EndGlobalSection
	GlobalSection(SolutionProperties) = preSolution
		HideSolutionNode = FALSE
	EndGlobalSection
	GlobalSection(ExtensibilityGlobals) = postSolution
		SolutionGuid = {1463D825-15AF-42C3-B9E8-404BDA9C8149}
	EndGlobalSection
EndGlobal
